
Microsoft Visual Studio Solution File, Format Version 12.00
# Visual Studio Version 17
VisualStudioVersion = 17.14.36518.9 d17.14
MinimumVisualStudioVersion = 10.0.40219.1
Project("{FAE04EC0-301F-11D3-BF4B-00C04F79EFBC}") = "GoGlowSkincare", "GoGlowSkincare\GoGlowSkincare.csproj", "{0CE39ACC-775F-498F-B409-F0A361B00661}"
EndProject
Global
	GlobalSection(SolutionConfigurationPlatforms) = preSolution
		Debug|Any CPU = Debug|Any CPU
		Release|Any CPU = Release|Any CPU
	EndGlobalSection
	GlobalSection(ProjectConfigurationPlatforms) = postSolution
		{0CE39ACC-775F-498F-B409-F0A361B00661}.Debug|Any CPU.ActiveCfg = Debug|Any CPU
		{0CE39ACC-775F-498F-B409-F0A361B00661}.Debug|Any CPU.Build.0 = Debug|Any CPU
		{0CE39ACC-775F-498F-B409-F0A361B00661}.Release|Any CPU.ActiveCfg = Release|Any CPU
		{0CE39ACC-775F-498F-B409-F0A361B00661}.Release|Any CPU.Build.0 = Release|Any CPU
	EndGlobalSection
	GlobalSection(SolutionProperties) = preSolution
		HideSolutionNode = FALSE
	EndGlobalSection
	GlobalSection(ExtensibilityGlobals) = postSolution
		SolutionGuid = {4A60BFE9-422B-4102-83A9-BEB59AA63588}
	EndGlobalSection
EndGlobal
